{
  "name": "maps",
  "version": "1.0.0",
  "lockfileVersion": 2,
  "requires": true,
  "packages": {
    "": {
      "name": "maps",
      "version": "1.0.0",
      "license": "ISC",
      "dependencies": {
        "@atproto/api": "^0.8.0",
        "@googlemaps/google-maps-services-js": "^3.1.16",
        "all-the-cities": "^3.1.0",
        "dotenv": "^16.3.1",
        "node-fetch": "^2.6.1"
      }
    },
    "node_modules/@atproto/api": {
      "version": "0.8.0",
      "resolved": "https://registry.npmjs.org/@atproto/api/-/api-0.8.0.tgz",
      "integrity": "sha512-FgPOoij/PAEa0YoLKqj5NFYBvysdyb13gtS2XpJOdIvUZ2KehMlTrtj7g0AR78pRfME2jJjIgmAw6qpmSsjSTw==",
      "dependencies": {
        "@atproto/common-web": "^0.2.3",
        "@atproto/lexicon": "^0.3.1",
        "@atproto/syntax": "^0.1.5",
        "@atproto/xrpc": "^0.4.1",
        "multiformats": "^9.9.0",
        "tlds": "^1.234.0",
        "typed-emitter": "^2.1.0",
        "zod": "^3.21.4"
      }
    },
    "node_modules/@atproto/common-web": {
      "version": "0.2.3",
      "resolved": "https://registry.npmjs.org/@atproto/common-web/-/common-web-0.2.3.tgz",
      "integrity": "sha512-k9VKGYUqjsRlI3wS31XyCbeb2U7ddS4X/eFgzos2CE5rIbk/uQGyKH+0Jcn1JIwRkvI1BemyNuUVrS8Ok3wiuw==",
      "dependencies": {
        "graphemer": "^1.4.0",
        "multiformats": "^9.9.0",
        "uint8arrays": "3.0.0",
        "zod": "^3.21.4"
      }
    },
    "node_modules/@atproto/lexicon": {
      "version": "0.3.1",
      "resolved": "https://registry.npmjs.org/@atproto/lexicon/-/lexicon-0.3.1.tgz",
      "integrity": "sha512-yLy6GUNP4pn0mGUIyUHvN0UeBza0S03AgjTXVR6KliC4ut2+7SjNMe4cI4G1M8/bJMaccC6ooQSm2kvwiOdr3A==",
      "dependencies": {
        "@atproto/common-web": "^0.2.3",
        "@atproto/syntax": "^0.1.5",
        "iso-datestring-validator": "^2.2.2",
        "multiformats": "^9.9.0",
        "zod": "^3.21.4"
      }
    },
    "node_modules/@atproto/syntax": {
      "version": "0.1.5",
      "resolved": "https://registry.npmjs.org/@atproto/syntax/-/syntax-0.1.5.tgz",
      "integrity": "sha512-pbY5lOnThoAbsmrdbN9LC/dNmckfqODJiX9zjW2t3BIHYFeGBc6w9bK3Vre8A0Hg8yWkQpv6gaBLu+ykgi2DJQ==",
      "dependencies": {
        "@atproto/common-web": "^0.2.3"
      }
    },
    "node_modules/@atproto/xrpc": {
      "version": "0.4.1",
      "resolved": "https://registry.npmjs.org/@atproto/xrpc/-/xrpc-0.4.1.tgz",
      "integrity": "sha512-EMRGiu6oDvFL03Hk2rG/WCL3QK0GjZs9psH80JVf8z2nfdsGON6yn0hw3jvRB26CBXqi58U8Uicyq8Ej5pVTAA==",
      "dependencies": {
        "@atproto/lexicon": "^0.3.1",
        "zod": "^3.21.4"
      }
    },
    "node_modules/@googlemaps/google-maps-services-js": {
      "version": "3.1.16",
      "resolved": "https://registry.npmjs.org/@googlemaps/google-maps-services-js/-/google-maps-services-js-3.1.16.tgz",
      "integrity": "sha512-Hb1zItxsm68vkWb5i+/wDj64ZK66DZlatglkdNWAWM2ziARdgj+Q4XeWxbkdHh+/OKmeKEcknC8ADF9ZgS/G1w==",
      "dependencies": {
        "agentkeepalive": "^4.1.0",
        "axios": "^0.21.1",
        "query-string": "^6.11.0",
        "retry-axios": "^2.2.1"
      }
    },
    "node_modules/agentkeepalive": {
      "version": "4.1.4",
      "resolved": "https://registry.npmjs.org/agentkeepalive/-/agentkeepalive-4.1.4.tgz",
      "integrity": "sha512-+V/rGa3EuU74H6wR04plBb7Ks10FbtUQgRj/FQOG7uUIEuaINI+AiqJR1k6t3SVNs7o7ZjIdus6706qqzVq8jQ==",
      "dependencies": {
        "debug": "^4.1.0",
        "depd": "^1.1.2",
        "humanize-ms": "^1.2.1"
      },
      "engines": {
        "node": ">= 8.0.0"
      }
    },
    "node_modules/all-the-cities": {
      "version": "3.1.0",
      "resolved": "https://registry.npmjs.org/all-the-cities/-/all-the-cities-3.1.0.tgz",
      "integrity": "sha512-Jx+mZR7lUVSX+qk785T3MRkAJYMvUpOmeNQSCbUl1WcCNpBUKJsQJ6uZzOl3/bWXVIUx1UhDFs8ASDHSI3rvzg==",
      "dependencies": {
        "pbf": "^3.2.1"
      }
    },
    "node_modules/axios": {
      "version": "0.21.1",
      "resolved": "https://registry.npmjs.org/axios/-/axios-0.21.1.tgz",
      "integrity": "sha512-dKQiRHxGD9PPRIUNIWvZhPTPpl1rf/OxTYKsqKUDjBwYylTvV7SjSHJb9ratfyzM6wCdLCOYLzs73qpg5c4iGA==",
      "dependencies": {
        "follow-redirects": "^1.10.0"
      }
    },
    "node_modules/debug": {
      "version": "4.3.1",
      "resolved": "https://registry.npmjs.org/debug/-/debug-4.3.1.tgz",
      "integrity": "sha512-doEwdvm4PCeK4K3RQN2ZC2BYUBaxwLARCqZmMjtF8a51J2Rb0xpVloFRnCODwqjpwnAoao4pelN8l3RJdv3gRQ==",
      "dependencies": {
        "ms": "2.1.2"
      },
      "engines": {
        "node": ">=6.0"
      },
      "peerDependenciesMeta": {
        "supports-color": {
          "optional": true
        }
      }
    },
    "node_modules/decode-uri-component": {
      "version": "0.2.0",
      "resolved": "https://registry.npmjs.org/decode-uri-component/-/decode-uri-component-0.2.0.tgz",
      "integrity": "sha1-6zkTMzRYd1y4TNGh+uBiEGu4dUU=",
      "engines": {
        "node": ">=0.10"
      }
    },
    "node_modules/depd": {
      "version": "1.1.2",
      "resolved": "https://registry.npmjs.org/depd/-/depd-1.1.2.tgz",
      "integrity": "sha1-m81S4UwJd2PnSbJ0xDRu0uVgtak=",
      "engines": {
        "node": ">= 0.6"
      }
    },
    "node_modules/dotenv": {
      "version": "16.3.1",
      "resolved": "https://registry.npmjs.org/dotenv/-/dotenv-16.3.1.tgz",
      "integrity": "sha512-IPzF4w4/Rd94bA9imS68tZBaYyBWSCE47V1RGuMrB94iyTOIEwRmVL2x/4An+6mETpLrKJ5hQkB8W4kFAadeIQ==",
      "engines": {
        "node": ">=12"
      },
      "funding": {
        "url": "https://github.com/motdotla/dotenv?sponsor=1"
      }
    },
    "node_modules/filter-obj": {
      "version": "1.1.0",
      "resolved": "https://registry.npmjs.org/filter-obj/-/filter-obj-1.1.0.tgz",
      "integrity": "sha1-mzERErxsYSehbgFsbF1/GeCAXFs=",
      "engines": {
        "node": ">=0.10.0"
      }
    },
    "node_modules/follow-redirects": {
      "version": "1.13.3",
      "resolved": "https://registry.npmjs.org/follow-redirects/-/follow-redirects-1.13.3.tgz",
      "integrity": "sha512-DUgl6+HDzB0iEptNQEXLx/KhTmDb8tZUHSeLqpnjpknR70H0nC2t9N73BK6fN4hOvJ84pKlIQVQ4k5FFlBedKA==",
      "funding": [
        {
          "type": "individual",
          "url": "https://github.com/sponsors/RubenVerborgh"
        }
      ],
      "engines": {
        "node": ">=4.0"
      },
      "peerDependenciesMeta": {
        "debug": {
          "optional": true
        }
      }
    },
    "node_modules/graphemer": {
      "version": "1.4.0",
      "resolved": "https://registry.npmjs.org/graphemer/-/graphemer-1.4.0.tgz",
      "integrity": "sha512-EtKwoO6kxCL9WO5xipiHTZlSzBm7WLT627TqC/uVRd0HKmq8NXyebnNYxDoBi7wt8eTWrUrKXCOVaFq9x1kgag=="
    },
    "node_modules/humanize-ms": {
      "version": "1.2.1",
      "resolved": "https://registry.npmjs.org/humanize-ms/-/humanize-ms-1.2.1.tgz",
      "integrity": "sha1-xG4xWaKT9riW2ikxbYtv6Lt5u+0=",
      "dependencies": {
        "ms": "^2.0.0"
      }
    },
    "node_modules/ieee754": {
      "version": "1.2.1",
      "resolved": "https://registry.npmjs.org/ieee754/-/ieee754-1.2.1.tgz",
      "integrity": "sha512-dcyqhDvX1C46lXZcVqCpK+FtMRQVdIMN6/Df5js2zouUsqG7I6sFxitIC+7KYK29KdXOLHdu9zL4sFnoVQnqaA==",
      "funding": [
        {
          "type": "github",
          "url": "https://github.com/sponsors/feross"
        },
        {
          "type": "patreon",
          "url": "https://www.patreon.com/feross"
        },
        {
          "type": "consulting",
          "url": "https://feross.org/support"
        }
      ]
    },
    "node_modules/iso-datestring-validator": {
      "version": "2.2.2",
      "resolved": "https://registry.npmjs.org/iso-datestring-validator/-/iso-datestring-validator-2.2.2.tgz",
      "integrity": "sha512-yLEMkBbLZTlVQqOnQ4FiMujR6T4DEcCb1xizmvXS+OxuhwcbtynoosRzdMA69zZCShCNAbi+gJ71FxZBBXx1SA=="
    },
    "node_modules/ms": {
      "version": "2.1.2",
      "resolved": "https://registry.npmjs.org/ms/-/ms-2.1.2.tgz",
      "integrity": "sha512-sGkPx+VjMtmA6MX27oA4FBFELFCZZ4S4XqeGOXCv68tT+jb3vk/RyaKWP0PTKyWtmLSM0b+adUTEvbs1PEaH2w=="
    },
    "node_modules/multiformats": {
      "version": "9.9.0",
      "resolved": "https://registry.npmjs.org/multiformats/-/multiformats-9.9.0.tgz",
      "integrity": "sha512-HoMUjhH9T8DDBNT+6xzkrd9ga/XiBI4xLr58LJACwK6G3HTOPeMz4nB4KJs33L2BelrIJa7P0VuNaVF3hMYfjg=="
    },
    "node_modules/node-fetch": {
      "version": "2.6.1",
      "resolved": "https://registry.npmjs.org/node-fetch/-/node-fetch-2.6.1.tgz",
      "integrity": "sha512-V4aYg89jEoVRxRb2fJdAg8FHvI7cEyYdVAh94HH0UIK8oJxUfkjlDQN9RbMx+bEjP7+ggMiFRprSti032Oipxw==",
      "engines": {
        "node": "4.x || >=6.0.0"
      }
    },
    "node_modules/pbf": {
      "version": "3.2.1",
      "resolved": "https://registry.npmjs.org/pbf/-/pbf-3.2.1.tgz",
      "integrity": "sha512-ClrV7pNOn7rtmoQVF4TS1vyU0WhYRnP92fzbfF75jAIwpnzdJXf8iTd4CMEqO4yUenH6NDqLiwjqlh6QgZzgLQ==",
      "dependencies": {
        "ieee754": "^1.1.12",
        "resolve-protobuf-schema": "^2.1.0"
      },
      "bin": {
        "pbf": "bin/pbf"
      }
    },
    "node_modules/protocol-buffers-schema": {
      "version": "3.5.1",
      "resolved": "https://registry.npmjs.org/protocol-buffers-schema/-/protocol-buffers-schema-3.5.1.tgz",
      "integrity": "sha512-YVCvdhxWNDP8/nJDyXLuM+UFsuPk4+1PB7WGPVDzm3HTHbzFLxQYeW2iZpS4mmnXrQJGBzt230t/BbEb7PrQaw=="
    },
    "node_modules/query-string": {
      "version": "6.14.1",
      "resolved": "https://registry.npmjs.org/query-string/-/query-string-6.14.1.tgz",
      "integrity": "sha512-XDxAeVmpfu1/6IjyT/gXHOl+S0vQ9owggJ30hhWKdHAsNPOcasn5o9BW0eejZqL2e4vMjhAxoW3jVHcD6mbcYw==",
      "dependencies": {
        "decode-uri-component": "^0.2.0",
        "filter-obj": "^1.1.0",
        "split-on-first": "^1.0.0",
        "strict-uri-encode": "^2.0.0"
      },
      "engines": {
        "node": ">=6"
      },
      "funding": {
        "url": "https://github.com/sponsors/sindresorhus"
      }
    },
    "node_modules/resolve-protobuf-schema": {
      "version": "2.1.0",
      "resolved": "https://registry.npmjs.org/resolve-protobuf-schema/-/resolve-protobuf-schema-2.1.0.tgz",
      "integrity": "sha512-kI5ffTiZWmJaS/huM8wZfEMer1eRd7oJQhDuxeCLe3t7N7mX3z94CN0xPxBQxFYQTSNz9T0i+v6inKqSdK8xrQ==",
      "dependencies": {
        "protocol-buffers-schema": "^3.3.1"
      }
    },
    "node_modules/retry-axios": {
      "version": "2.4.0",
      "resolved": "https://registry.npmjs.org/retry-axios/-/retry-axios-2.4.0.tgz",
      "integrity": "sha512-rK7UBYgbrNoVothbSmM0tEm9DIiXapmVUrnUYn+d9AuQvF0AY5RkJU2FQvlufe9hlFwrCdDhrJTwiyRtR7wUaA==",
      "engines": {
        "node": ">=10.0.0"
      },
      "peerDependencies": {
        "axios": "*"
      }
    },
    "node_modules/rxjs": {
      "version": "7.8.1",
      "resolved": "https://registry.npmjs.org/rxjs/-/rxjs-7.8.1.tgz",
      "integrity": "sha512-AA3TVj+0A2iuIoQkWEK/tqFjBq2j+6PO6Y0zJcvzLAFhEFIO3HL0vls9hWLncZbAAbK0mar7oZ4V079I/qPMxg==",
      "optional": true,
      "dependencies": {
        "tslib": "^2.1.0"
      }
    },
    "node_modules/split-on-first": {
      "version": "1.1.0",
      "resolved": "https://registry.npmjs.org/split-on-first/-/split-on-first-1.1.0.tgz",
      "integrity": "sha512-43ZssAJaMusuKWL8sKUBQXHWOpq8d6CfN/u1p4gUzfJkM05C8rxTmYrkIPTXapZpORA6LkkzcUulJ8FqA7Uudw==",
      "engines": {
        "node": ">=6"
      }
    },
    "node_modules/strict-uri-encode": {
      "version": "2.0.0",
      "resolved": "https://registry.npmjs.org/strict-uri-encode/-/strict-uri-encode-2.0.0.tgz",
      "integrity": "sha1-ucczDHBChi9rFC3CdLvMWGbONUY=",
      "engines": {
        "node": ">=4"
      }
    },
    "node_modules/tlds": {
      "version": "1.248.0",
      "resolved": "https://registry.npmjs.org/tlds/-/tlds-1.248.0.tgz",
      "integrity": "sha512-noj0KdpWTBhwsKxMOXk0rN9otg4kTgLm4WohERRHbJ9IY+kSDKr3RmjitaQ3JFzny+DyvBOQKlFZhp0G0qNSfg==",
      "bin": {
        "tlds": "bin.js"
      }
    },
    "node_modules/tslib": {
      "version": "2.6.2",
      "resolved": "https://registry.npmjs.org/tslib/-/tslib-2.6.2.tgz",
      "integrity": "sha512-AEYxH93jGFPn/a2iVAwW87VuUIkR1FVUKB77NwMF7nBTDkDrrT/Hpt/IrCJ0QXhW27jTBDcf5ZY7w6RiqTMw2Q==",
      "optional": true
    },
    "node_modules/typed-emitter": {
      "version": "2.1.0",
      "resolved": "https://registry.npmjs.org/typed-emitter/-/typed-emitter-2.1.0.tgz",
      "integrity": "sha512-g/KzbYKbH5C2vPkaXGu8DJlHrGKHLsM25Zg9WuC9pMGfuvT+X25tZQWo5fK1BjBm8+UrVE9LDCvaY0CQk+fXDA==",
      "optionalDependencies": {
        "rxjs": "*"
      }
    },
    "node_modules/uint8arrays": {
      "version": "3.0.0",
      "resolved": "https://registry.npmjs.org/uint8arrays/-/uint8arrays-3.0.0.tgz",
      "integrity": "sha512-HRCx0q6O9Bfbp+HHSfQQKD7wU70+lydKVt4EghkdOvlK/NlrF90z+eXV34mUd48rNvVJXwkrMSPpCATkct8fJA==",
      "dependencies": {
        "multiformats": "^9.4.2"
      }
    },
    "node_modules/zod": {
      "version": "3.22.4",
      "resolved": "https://registry.npmjs.org/zod/-/zod-3.22.4.tgz",
      "integrity": "sha512-iC+8Io04lddc+mVqQ9AZ7OQ2MrUKGN+oIQyq1vemgt46jwCwLfhq7/pwnBnNXXXZb8VTVLKwp9EDkx+ryxIWmg==",
      "funding": {
        "url": "https://github.com/sponsors/colinhacks"
      }
    }
  },
  "dependencies": {
    "@atproto/api": {
      "version": "0.8.0",
      "resolved": "https://registry.npmjs.org/@atproto/api/-/api-0.8.0.tgz",
      "integrity": "sha512-FgPOoij/PAEa0YoLKqj5NFYBvysdyb13gtS2XpJOdIvUZ2KehMlTrtj7g0AR78pRfME2jJjIgmAw6qpmSsjSTw==",
      "requires": {
        "@atproto/common-web": "^0.2.3",
        "@atproto/lexicon": "^0.3.1",
        "@atproto/syntax": "^0.1.5",
        "@atproto/xrpc": "^0.4.1",
        "multiformats": "^9.9.0",
        "tlds": "^1.234.0",
        "typed-emitter": "^2.1.0",
        "zod": "^3.21.4"
      }
    },
    "@atproto/common-web": {
      "version": "0.2.3",
      "resolved": "https://registry.npmjs.org/@atproto/common-web/-/common-web-0.2.3.tgz",
      "integrity": "sha512-k9VKGYUqjsRlI3wS31XyCbeb2U7ddS4X/eFgzos2CE5rIbk/uQGyKH+0Jcn1JIwRkvI1BemyNuUVrS8Ok3wiuw==",
      "requires": {
        "graphemer": "^1.4.0",
        "multiformats": "^9.9.0",
        "uint8arrays": "3.0.0",
        "zod": "^3.21.4"
      }
    },
    "@atproto/lexicon": {
      "version": "0.3.1",
      "resolved": "https://registry.npmjs.org/@atproto/lexicon/-/lexicon-0.3.1.tgz",
      "integrity": "sha512-yLy6GUNP4pn0mGUIyUHvN0UeBza0S03AgjTXVR6KliC4ut2+7SjNMe4cI4G1M8/bJMaccC6ooQSm2kvwiOdr3A==",
      "requires": {
        "@atproto/common-web": "^0.2.3",
        "@atproto/syntax": "^0.1.5",
        "iso-datestring-validator": "^2.2.2",
        "multiformats": "^9.9.0",
        "zod": "^3.21.4"
      }
    },
    "@atproto/syntax": {
      "version": "0.1.5",
      "resolved": "https://registry.npmjs.org/@atproto/syntax/-/syntax-0.1.5.tgz",
      "integrity": "sha512-pbY5lOnThoAbsmrdbN9LC/dNmckfqODJiX9zjW2t3BIHYFeGBc6w9bK3Vre8A0Hg8yWkQpv6gaBLu+ykgi2DJQ==",
      "requires": {
        "@atproto/common-web": "^0.2.3"
      }
    },
    "@atproto/xrpc": {
      "version": "0.4.1",
      "resolved": "https://registry.npmjs.org/@atproto/xrpc/-/xrpc-0.4.1.tgz",
      "integrity": "sha512-EMRGiu6oDvFL03Hk2rG/WCL3QK0GjZs9psH80JVf8z2nfdsGON6yn0hw3jvRB26CBXqi58U8Uicyq8Ej5pVTAA==",
      "requires": {
        "@atproto/lexicon": "^0.3.1",
        "zod": "^3.21.4"
      }
    },
    "@googlemaps/google-maps-services-js": {
      "version": "3.1.16",
      "resolved": "https://registry.npmjs.org/@googlemaps/google-maps-services-js/-/google-maps-services-js-3.1.16.tgz",
      "integrity": "sha512-Hb1zItxsm68vkWb5i+/wDj64ZK66DZlatglkdNWAWM2ziARdgj+Q4XeWxbkdHh+/OKmeKEcknC8ADF9ZgS/G1w==",
      "requires": {
        "agentkeepalive": "^4.1.0",
        "axios": "^0.21.1",
        "query-string": "^6.11.0",
        "retry-axios": "^2.2.1"
      }
    },
    "agentkeepalive": {
      "version": "4.1.4",
      "resolved": "https://registry.npmjs.org/agentkeepalive/-/agentkeepalive-4.1.4.tgz",
      "integrity": "sha512-+V/rGa3EuU74H6wR04plBb7Ks10FbtUQgRj/FQOG7uUIEuaINI+AiqJR1k6t3SVNs7o7ZjIdus6706qqzVq8jQ==",
      "requires": {
        "debug": "^4.1.0",
        "depd": "^1.1.2",
        "humanize-ms": "^1.2.1"
      }
    },
    "all-the-cities": {
      "version": "3.1.0",
      "resolved": "https://registry.npmjs.org/all-the-cities/-/all-the-cities-3.1.0.tgz",
      "integrity": "sha512-Jx+mZR7lUVSX+qk785T3MRkAJYMvUpOmeNQSCbUl1WcCNpBUKJsQJ6uZzOl3/bWXVIUx1UhDFs8ASDHSI3rvzg==",
      "requires": {
        "pbf": "^3.2.1"
      }
    },
    "axios": {
      "version": "0.21.1",
      "resolved": "https://registry.npmjs.org/axios/-/axios-0.21.1.tgz",
      "integrity": "sha512-dKQiRHxGD9PPRIUNIWvZhPTPpl1rf/OxTYKsqKUDjBwYylTvV7SjSHJb9ratfyzM6wCdLCOYLzs73qpg5c4iGA==",
      "requires": {
        "follow-redirects": "^1.10.0"
      }
    },
    "debug": {
      "version": "4.3.1",
      "resolved": "https://registry.npmjs.org/debug/-/debug-4.3.1.tgz",
      "integrity": "sha512-doEwdvm4PCeK4K3RQN2ZC2BYUBaxwLARCqZmMjtF8a51J2Rb0xpVloFRnCODwqjpwnAoao4pelN8l3RJdv3gRQ==",
      "requires": {
        "ms": "2.1.2"
      }
    },
    "decode-uri-component": {
      "version": "0.2.0",
      "resolved": "https://registry.npmjs.org/decode-uri-component/-/decode-uri-component-0.2.0.tgz",
      "integrity": "sha1-6zkTMzRYd1y4TNGh+uBiEGu4dUU="
    },
    "depd": {
      "version": "1.1.2",
      "resolved": "https://registry.npmjs.org/depd/-/depd-1.1.2.tgz",
      "integrity": "sha1-m81S4UwJd2PnSbJ0xDRu0uVgtak="
    },
    "dotenv": {
      "version": "16.3.1",
      "resolved": "https://registry.npmjs.org/dotenv/-/dotenv-16.3.1.tgz",
      "integrity": "sha512-IPzF4w4/Rd94bA9imS68tZBaYyBWSCE47V1RGuMrB94iyTOIEwRmVL2x/4An+6mETpLrKJ5hQkB8W4kFAadeIQ=="
    },
    "filter-obj": {
      "version": "1.1.0",
      "resolved": "https://registry.npmjs.org/filter-obj/-/filter-obj-1.1.0.tgz",
      "integrity": "sha1-mzERErxsYSehbgFsbF1/GeCAXFs="
    },
    "follow-redirects": {
      "version": "1.13.3",
      "resolved": "https://registry.npmjs.org/follow-redirects/-/follow-redirects-1.13.3.tgz",
      "integrity": "sha512-DUgl6+HDzB0iEptNQEXLx/KhTmDb8tZUHSeLqpnjpknR70H0nC2t9N73BK6fN4hOvJ84pKlIQVQ4k5FFlBedKA=="
    },
    "graphemer": {
      "version": "1.4.0",
      "resolved": "https://registry.npmjs.org/graphemer/-/graphemer-1.4.0.tgz",
      "integrity": "sha512-EtKwoO6kxCL9WO5xipiHTZlSzBm7WLT627TqC/uVRd0HKmq8NXyebnNYxDoBi7wt8eTWrUrKXCOVaFq9x1kgag=="
    },
    "humanize-ms": {
      "version": "1.2.1",
      "resolved": "https://registry.npmjs.org/humanize-ms/-/humanize-ms-1.2.1.tgz",
      "integrity": "sha1-xG4xWaKT9riW2ikxbYtv6Lt5u+0=",
      "requires": {
        "ms": "^2.0.0"
      }
    },
    "ieee754": {
      "version": "1.2.1",
      "resolved": "https://registry.npmjs.org/ieee754/-/ieee754-1.2.1.tgz",
      "integrity": "sha512-dcyqhDvX1C46lXZcVqCpK+FtMRQVdIMN6/Df5js2zouUsqG7I6sFxitIC+7KYK29KdXOLHdu9zL4sFnoVQnqaA=="
    },
    "iso-datestring-validator": {
      "version": "2.2.2",
      "resolved": "https://registry.npmjs.org/iso-datestring-validator/-/iso-datestring-validator-2.2.2.tgz",
      "integrity": "sha512-yLEMkBbLZTlVQqOnQ4FiMujR6T4DEcCb1xizmvXS+OxuhwcbtynoosRzdMA69zZCShCNAbi+gJ71FxZBBXx1SA=="
    },
    "ms": {
      "version": "2.1.2",
      "resolved": "https://registry.npmjs.org/ms/-/ms-2.1.2.tgz",
      "integrity": "sha512-sGkPx+VjMtmA6MX27oA4FBFELFCZZ4S4XqeGOXCv68tT+jb3vk/RyaKWP0PTKyWtmLSM0b+adUTEvbs1PEaH2w=="
    },
    "multiformats": {
      "version": "9.9.0",
      "resolved": "https://registry.npmjs.org/multiformats/-/multiformats-9.9.0.tgz",
      "integrity": "sha512-HoMUjhH9T8DDBNT+6xzkrd9ga/XiBI4xLr58LJACwK6G3HTOPeMz4nB4KJs33L2BelrIJa7P0VuNaVF3hMYfjg=="
    },
    "node-fetch": {
      "version": "2.6.1",
      "resolved": "https://registry.npmjs.org/node-fetch/-/node-fetch-2.6.1.tgz",
      "integrity": "sha512-V4aYg89jEoVRxRb2fJdAg8FHvI7cEyYdVAh94HH0UIK8oJxUfkjlDQN9RbMx+bEjP7+ggMiFRprSti032Oipxw=="
    },
    "pbf": {
      "version": "3.2.1",
      "resolved": "https://registry.npmjs.org/pbf/-/pbf-3.2.1.tgz",
      "integrity": "sha512-ClrV7pNOn7rtmoQVF4TS1vyU0WhYRnP92fzbfF75jAIwpnzdJXf8iTd4CMEqO4yUenH6NDqLiwjqlh6QgZzgLQ==",
      "requires": {
        "ieee754": "^1.1.12",
        "resolve-protobuf-schema": "^2.1.0"
      }
    },
    "protocol-buffers-schema": {
      "version": "3.5.1",
      "resolved": "https://registry.npmjs.org/protocol-buffers-schema/-/protocol-buffers-schema-3.5.1.tgz",
      "integrity": "sha512-YVCvdhxWNDP8/nJDyXLuM+UFsuPk4+1PB7WGPVDzm3HTHbzFLxQYeW2iZpS4mmnXrQJGBzt230t/BbEb7PrQaw=="
    },
    "query-string": {
      "version": "6.14.1",
      "resolved": "https://registry.npmjs.org/query-string/-/query-string-6.14.1.tgz",
      "integrity": "sha512-XDxAeVmpfu1/6IjyT/gXHOl+S0vQ9owggJ30hhWKdHAsNPOcasn5o9BW0eejZqL2e4vMjhAxoW3jVHcD6mbcYw==",
      "requires": {
        "decode-uri-component": "^0.2.0",
        "filter-obj": "^1.1.0",
        "split-on-first": "^1.0.0",
        "strict-uri-encode": "^2.0.0"
      }
    },
    "resolve-protobuf-schema": {
      "version": "2.1.0",
      "resolved": "https://registry.npmjs.org/resolve-protobuf-schema/-/resolve-protobuf-schema-2.1.0.tgz",
      "integrity": "sha512-kI5ffTiZWmJaS/huM8wZfEMer1eRd7oJQhDuxeCLe3t7N7mX3z94CN0xPxBQxFYQTSNz9T0i+v6inKqSdK8xrQ==",
      "requires": {
        "protocol-buffers-schema": "^3.3.1"
      }
    },
    "retry-axios": {
      "version": "2.4.0",
      "resolved": "https://registry.npmjs.org/retry-axios/-/retry-axios-2.4.0.tgz",
      "integrity": "sha512-rK7UBYgbrNoVothbSmM0tEm9DIiXapmVUrnUYn+d9AuQvF0AY5RkJU2FQvlufe9hlFwrCdDhrJTwiyRtR7wUaA==",
      "requires": {}
    },
    "rxjs": {
      "version": "7.8.1",
      "resolved": "https://registry.npmjs.org/rxjs/-/rxjs-7.8.1.tgz",
      "integrity": "sha512-AA3TVj+0A2iuIoQkWEK/tqFjBq2j+6PO6Y0zJcvzLAFhEFIO3HL0vls9hWLncZbAAbK0mar7oZ4V079I/qPMxg==",
      "optional": true,
      "requires": {
        "tslib": "^2.1.0"
      }
    },
    "split-on-first": {
      "version": "1.1.0",
      "resolved": "https://registry.npmjs.org/split-on-first/-/split-on-first-1.1.0.tgz",
      "integrity": "sha512-43ZssAJaMusuKWL8sKUBQXHWOpq8d6CfN/u1p4gUzfJkM05C8rxTmYrkIPTXapZpORA6LkkzcUulJ8FqA7Uudw=="
    },
    "strict-uri-encode": {
      "version": "2.0.0",
      "resolved": "https://registry.npmjs.org/strict-uri-encode/-/strict-uri-encode-2.0.0.tgz",
      "integrity": "sha1-ucczDHBChi9rFC3CdLvMWGbONUY="
    },
    "tlds": {
      "version": "1.248.0",
      "resolved": "https://registry.npmjs.org/tlds/-/tlds-1.248.0.tgz",
      "integrity": "sha512-noj0KdpWTBhwsKxMOXk0rN9otg4kTgLm4WohERRHbJ9IY+kSDKr3RmjitaQ3JFzny+DyvBOQKlFZhp0G0qNSfg=="
    },
    "tslib": {
      "version": "2.6.2",
      "resolved": "https://registry.npmjs.org/tslib/-/tslib-2.6.2.tgz",
      "integrity": "sha512-AEYxH93jGFPn/a2iVAwW87VuUIkR1FVUKB77NwMF7nBTDkDrrT/Hpt/IrCJ0QXhW27jTBDcf5ZY7w6RiqTMw2Q==",
      "optional": true
    },
    "typed-emitter": {
      "version": "2.1.0",
      "resolved": "https://registry.npmjs.org/typed-emitter/-/typed-emitter-2.1.0.tgz",
      "integrity": "sha512-g/KzbYKbH5C2vPkaXGu8DJlHrGKHLsM25Zg9WuC9pMGfuvT+X25tZQWo5fK1BjBm8+UrVE9LDCvaY0CQk+fXDA==",
      "requires": {
        "rxjs": "*"
      }
    },
    "uint8arrays": {
      "version": "3.0.0",
      "resolved": "https://registry.npmjs.org/uint8arrays/-/uint8arrays-3.0.0.tgz",
      "integrity": "sha512-HRCx0q6O9Bfbp+HHSfQQKD7wU70+lydKVt4EghkdOvlK/NlrF90z+eXV34mUd48rNvVJXwkrMSPpCATkct8fJA==",
      "requires": {
        "multiformats": "^9.4.2"
      }
    },
    "zod": {
      "version": "3.22.4",
      "resolved": "https://registry.npmjs.org/zod/-/zod-3.22.4.tgz",
      "integrity": "sha512-iC+8Io04lddc+mVqQ9AZ7OQ2MrUKGN+oIQyq1vemgt46jwCwLfhq7/pwnBnNXXXZb8VTVLKwp9EDkx+ryxIWmg=="
    }
  }
}
